{
  "name": "django-formidable-docs",
  "version": "1.0.0",
  "lockfileVersion": 1,
  "dependencies": {
    "swagger-ui": {
      "version": "2.2.10",
      "resolved": "https://registry.npmjs.org/swagger-ui/-/swagger-ui-2.2.10.tgz",
      "integrity": "sha1-sl56IWZOXZC/OR2zDbCN5B6FLXs=",
      "dev": true
    }
  }
}
