{
  "name": "django-formidable-docs",
  "version": "1.0.0",
  "lockfileVersion": 2,
  "requires": true,
  "packages": {
    "": {
      "name": "django-formidable-docs",
      "version": "1.0.0",
      "license": "MIT",
      "devDependencies": {
        "swagger-ui-dist": "^3.23.11"
      }
    },
    "node_modules/swagger-ui-dist": {
      "version": "3.24.0",
      "resolved": "https://registry.npmjs.org/swagger-ui-dist/-/swagger-ui-dist-3.24.0.tgz",
      "integrity": "sha512-5uAjeEqV+zbtalBDXAIrkqUZwsUHYwvBSeGYlFcLj1ERS3jfprL4OPLSSriDoeXCtNmWzpz5aooV2qJW+DqdUQ==",
      "dev": true
    }
  },
  "dependencies": {
    "swagger-ui-dist": {
      "version": "3.24.0",
      "resolved": "https://registry.npmjs.org/swagger-ui-dist/-/swagger-ui-dist-3.24.0.tgz",
      "integrity": "sha512-5uAjeEqV+zbtalBDXAIrkqUZwsUHYwvBSeGYlFcLj1ERS3jfprL4OPLSSriDoeXCtNmWzpz5aooV2qJW+DqdUQ==",
      "dev": true
    }
  }
}
